{
  "lockfileVersion": 1,
  "workspaces": {
    "": {
      "name": "tool-generation-protocol",
      "dependencies": {
        "apply-multi-diff": "^0.1.4",
        "esbuild": "^0.19.12",
        "isolated-vm": "^6.0.2",
        "isomorphic-git": "^1.35.1",
        "typescript": "^5.9.3",
        "zod": "^3.25.76",
        "zod-to-json-schema": "^3.22.4",
      },
      "devDependencies": {
        "@types/better-sqlite3": "^7.6.9",
        "@types/node": "^20.19.25",
        "@typescript-eslint/eslint-plugin": "^8.48.0",
        "@typescript-eslint/parser": "^8.48.0",
        "ai": "5.0.104",
        "better-sqlite3": "^9.4.3",
        "bun-types": "^1.1.12",
        "eslint": "^9.39.1",
        "tsup": "^8.0.2",
        "tsx": "^4.16.2",
      },
    },
  },
  "packages": {
    "@ai-sdk/gateway": ["@ai-sdk/gateway@2.0.17", "", { "dependencies": { "@ai-sdk/provider": "2.0.0", "@ai-sdk/provider-utils": "3.0.18", "@vercel/oidc": "3.0.5" }, "peerDependencies": { "zod": "^3.25.76 || ^4.1.8" } }, ""],

    "@ai-sdk/provider": ["@ai-sdk/provider@2.0.0", "", { "dependencies": { "json-schema": "^0.4.0" } }, ""],

    "@ai-sdk/provider-utils": ["@ai-sdk/provider-utils@3.0.18", "", { "dependencies": { "@ai-sdk/provider": "2.0.0", "@standard-schema/spec": "^1.0.0", "eventsource-parser": "^3.0.6" }, "peerDependencies": { "zod": "^3.25.76 || ^4.1.8" } }, ""],

    "@esbuild/linux-x64": ["@esbuild/linux-x64@0.19.12", "", { "os": "linux", "cpu": "x64" }, ""],

    "@eslint-community/eslint-utils": ["@eslint-community/eslint-utils@4.9.0", "", { "dependencies": { "eslint-visitor-keys": "^3.4.3" }, "peerDependencies": { "eslint": "^6.0.0 || ^7.0.0 || >=8.0.0" } }, ""],

    "@eslint-community/regexpp": ["@eslint-community/regexpp@4.12.2", "", {}, ""],

    "@eslint/config-array": ["@eslint/config-array@0.21.1", "", { "dependencies": { "@eslint/object-schema": "^2.1.7", "debug": "^4.3.1", "minimatch": "^3.1.2" } }, ""],

    "@eslint/config-helpers": ["@eslint/config-helpers@0.4.2", "", { "dependencies": { "@eslint/core": "^0.17.0" } }, ""],

    "@eslint/core": ["@eslint/core@0.17.0", "", { "dependencies": { "@types/json-schema": "^7.0.15" } }, ""],

    "@eslint/eslintrc": ["@eslint/eslintrc@3.3.1", "", { "dependencies": { "ajv": "^6.12.4", "debug": "^4.3.2", "espree": "^10.0.1", "globals": "^14.0.0", "ignore": "^5.2.0", "import-fresh": "^3.2.1", "js-yaml": "^4.1.0", "minimatch": "^3.1.2", "strip-json-comments": "^3.1.1" } }, ""],

    "@eslint/js": ["@eslint/js@9.39.1", "", {}, ""],

    "@eslint/object-schema": ["@eslint/object-schema@2.1.7", "", {}, ""],

    "@eslint/plugin-kit": ["@eslint/plugin-kit@0.4.1", "", { "dependencies": { "@eslint/core": "^0.17.0", "levn": "^0.4.1" } }, ""],

    "@humanfs/core": ["@humanfs/core@0.19.1", "", {}, ""],

    "@humanfs/node": ["@humanfs/node@0.16.7", "", { "dependencies": { "@humanfs/core": "^0.19.1", "@humanwhocodes/retry": "^0.4.0" } }, ""],

    "@humanwhocodes/module-importer": ["@humanwhocodes/module-importer@1.0.1", "", {}, ""],

    "@humanwhocodes/retry": ["@humanwhocodes/retry@0.4.3", "", {}, ""],

    "@jridgewell/gen-mapping": ["@jridgewell/gen-mapping@0.3.13", "", { "dependencies": { "@jridgewell/sourcemap-codec": "^1.5.0", "@jridgewell/trace-mapping": "^0.3.24" } }, ""],

    "@jridgewell/resolve-uri": ["@jridgewell/resolve-uri@3.1.2", "", {}, ""],

    "@jridgewell/sourcemap-codec": ["@jridgewell/sourcemap-codec@1.5.5", "", {}, ""],

    "@jridgewell/trace-mapping": ["@jridgewell/trace-mapping@0.3.31", "", { "dependencies": { "@jridgewell/resolve-uri": "^3.1.0", "@jridgewell/sourcemap-codec": "^1.4.14" } }, ""],

    "@opentelemetry/api": ["@opentelemetry/api@1.9.0", "", {}, ""],

    "@rollup/rollup-linux-x64-gnu": ["@rollup/rollup-linux-x64-gnu@4.53.3", "", { "os": "linux", "cpu": "x64" }, ""],

    "@rollup/rollup-linux-x64-musl": ["@rollup/rollup-linux-x64-musl@4.53.3", "", { "os": "linux", "cpu": "x64" }, ""],

    "@standard-schema/spec": ["@standard-schema/spec@1.0.0", "", {}, ""],

    "@types/better-sqlite3": ["@types/better-sqlite3@7.6.13", "", { "dependencies": { "@types/node": "*" } }, ""],

    "@types/estree": ["@types/estree@1.0.8", "", {}, ""],

    "@types/json-schema": ["@types/json-schema@7.0.15", "", {}, ""],

    "@types/node": ["@types/node@20.19.25", "", { "dependencies": { "undici-types": "~6.21.0" } }, ""],

    "@typescript-eslint/eslint-plugin": ["@typescript-eslint/eslint-plugin@8.48.0", "", { "dependencies": { "@eslint-community/regexpp": "^4.10.0", "@typescript-eslint/scope-manager": "8.48.0", "@typescript-eslint/type-utils": "8.48.0", "@typescript-eslint/utils": "8.48.0", "@typescript-eslint/visitor-keys": "8.48.0", "graphemer": "^1.4.0", "ignore": "^7.0.0", "natural-compare": "^1.4.0", "ts-api-utils": "^2.1.0" }, "peerDependencies": { "@typescript-eslint/parser": "^8.48.0", "eslint": "^8.57.0 || ^9.0.0", "typescript": ">=4.8.4 <6.0.0" } }, ""],

    "@typescript-eslint/parser": ["@typescript-eslint/parser@8.48.0", "", { "dependencies": { "@typescript-eslint/scope-manager": "8.48.0", "@typescript-eslint/types": "8.48.0", "@typescript-eslint/typescript-estree": "8.48.0", "@typescript-eslint/visitor-keys": "8.48.0", "debug": "^4.3.4" }, "peerDependencies": { "eslint": "^8.57.0 || ^9.0.0", "typescript": ">=4.8.4 <6.0.0" } }, ""],

    "@typescript-eslint/project-service": ["@typescript-eslint/project-service@8.48.0", "", { "dependencies": { "@typescript-eslint/tsconfig-utils": "^8.48.0", "@typescript-eslint/types": "^8.48.0", "debug": "^4.3.4" }, "peerDependencies": { "typescript": ">=4.8.4 <6.0.0" } }, ""],

    "@typescript-eslint/scope-manager": ["@typescript-eslint/scope-manager@8.48.0", "", { "dependencies": { "@typescript-eslint/types": "8.48.0", "@typescript-eslint/visitor-keys": "8.48.0" } }, ""],

    "@typescript-eslint/tsconfig-utils": ["@typescript-eslint/tsconfig-utils@8.48.0", "", { "peerDependencies": { "typescript": ">=4.8.4 <6.0.0" } }, ""],

    "@typescript-eslint/type-utils": ["@typescript-eslint/type-utils@8.48.0", "", { "dependencies": { "@typescript-eslint/types": "8.48.0", "@typescript-eslint/typescript-estree": "8.48.0", "@typescript-eslint/utils": "8.48.0", "debug": "^4.3.4", "ts-api-utils": "^2.1.0" }, "peerDependencies": { "eslint": "^8.57.0 || ^9.0.0", "typescript": ">=4.8.4 <6.0.0" } }, ""],

    "@typescript-eslint/types": ["@typescript-eslint/types@8.48.0", "", {}, ""],

    "@typescript-eslint/typescript-estree": ["@typescript-eslint/typescript-estree@8.48.0", "", { "dependencies": { "@typescript-eslint/project-service": "8.48.0", "@typescript-eslint/tsconfig-utils": "8.48.0", "@typescript-eslint/types": "8.48.0", "@typescript-eslint/visitor-keys": "8.48.0", "debug": "^4.3.4", "minimatch": "^9.0.4", "semver": "^7.6.0", "tinyglobby": "^0.2.15", "ts-api-utils": "^2.1.0" }, "peerDependencies": { "typescript": ">=4.8.4 <6.0.0" } }, ""],

    "@typescript-eslint/utils": ["@typescript-eslint/utils@8.48.0", "", { "dependencies": { "@eslint-community/eslint-utils": "^4.7.0", "@typescript-eslint/scope-manager": "8.48.0", "@typescript-eslint/types": "8.48.0", "@typescript-eslint/typescript-estree": "8.48.0" }, "peerDependencies": { "eslint": "^8.57.0 || ^9.0.0", "typescript": ">=4.8.4 <6.0.0" } }, ""],

    "@typescript-eslint/visitor-keys": ["@typescript-eslint/visitor-keys@8.48.0", "", { "dependencies": { "@typescript-eslint/types": "8.48.0", "eslint-visitor-keys": "^4.2.1" } }, ""],

    "@vercel/oidc": ["@vercel/oidc@3.0.5", "", {}, ""],

    "abort-controller": ["abort-controller@3.0.0", "", { "dependencies": { "event-target-shim": "^5.0.0" } }, ""],

    "acorn": ["acorn@8.15.0", "", { "bin": "bin/acorn" }, ""],

    "acorn-jsx": ["acorn-jsx@5.3.2", "", { "peerDependencies": { "acorn": "^6.0.0 || ^7.0.0 || ^8.0.0" } }, ""],

    "ai": ["ai@5.0.104", "", { "dependencies": { "@ai-sdk/gateway": "2.0.17", "@ai-sdk/provider": "2.0.0", "@ai-sdk/provider-utils": "3.0.18", "@opentelemetry/api": "1.9.0" }, "peerDependencies": { "zod": "^3.25.76 || ^4.1.8" } }, ""],

    "ajv": ["ajv@6.12.6", "", { "dependencies": { "fast-deep-equal": "^3.1.1", "fast-json-stable-stringify": "^2.0.0", "json-schema-traverse": "^0.4.1", "uri-js": "^4.2.2" } }, ""],

    "ansi-styles": ["ansi-styles@4.3.0", "", { "dependencies": { "color-convert": "^2.0.1" } }, ""],

    "any-promise": ["any-promise@1.3.0", "", {}, ""],

    "apply-multi-diff": ["apply-multi-diff@0.1.4", "", { "peerDependencies": { "typescript": "^5.0.0" } }, "sha512-RVobjeJkLG9fNLnG1mNx757Zg3d42H0evEXW5VVLTVU9bv4ifwepD/sdxQPzsTuLrs1OLZ+87XHK8zgZhRXrZQ=="],

    "argparse": ["argparse@2.0.1", "", {}, ""],

    "async-lock": ["async-lock@1.4.1", "", {}, ""],

    "available-typed-arrays": ["available-typed-arrays@1.0.7", "", { "dependencies": { "possible-typed-array-names": "^1.0.0" } }, ""],

    "balanced-match": ["balanced-match@1.0.2", "", {}, ""],

    "base64-js": ["base64-js@1.5.1", "", {}, ""],

    "better-sqlite3": ["better-sqlite3@9.6.0", "", { "dependencies": { "bindings": "^1.5.0", "prebuild-install": "^7.1.1" } }, ""],

    "bindings": ["bindings@1.5.0", "", { "dependencies": { "file-uri-to-path": "1.0.0" } }, ""],

    "bl": ["bl@4.1.0", "", { "dependencies": { "buffer": "^5.5.0", "inherits": "^2.0.4", "readable-stream": "^3.4.0" } }, ""],

    "brace-expansion": ["brace-expansion@1.1.12", "", { "dependencies": { "balanced-match": "^1.0.0", "concat-map": "0.0.1" } }, ""],

    "buffer": ["buffer@6.0.3", "", { "dependencies": { "base64-js": "^1.3.1", "ieee754": "^1.2.1" } }, ""],

    "bun-types": ["bun-types@1.3.3", "", { "dependencies": { "@types/node": "*" } }, ""],

    "bundle-require": ["bundle-require@5.1.0", "", { "dependencies": { "load-tsconfig": "^0.2.3" }, "peerDependencies": { "esbuild": ">=0.18" } }, ""],

    "cac": ["cac@6.7.14", "", {}, ""],

    "call-bind": ["call-bind@1.0.8", "", { "dependencies": { "call-bind-apply-helpers": "^1.0.0", "es-define-property": "^1.0.0", "get-intrinsic": "^1.2.4", "set-function-length": "^1.2.2" } }, ""],

    "call-bind-apply-helpers": ["call-bind-apply-helpers@1.0.2", "", { "dependencies": { "es-errors": "^1.3.0", "function-bind": "^1.1.2" } }, ""],

    "call-bound": ["call-bound@1.0.4", "", { "dependencies": { "call-bind-apply-helpers": "^1.0.2", "get-intrinsic": "^1.3.0" } }, ""],

    "callsites": ["callsites@3.1.0", "", {}, ""],

    "chalk": ["chalk@4.1.2", "", { "dependencies": { "ansi-styles": "^4.1.0", "supports-color": "^7.1.0" } }, ""],

    "chokidar": ["chokidar@4.0.3", "", { "dependencies": { "readdirp": "^4.0.1" } }, ""],

    "chownr": ["chownr@1.1.4", "", {}, ""],

    "clean-git-ref": ["clean-git-ref@2.0.1", "", {}, ""],

    "color-convert": ["color-convert@2.0.1", "", { "dependencies": { "color-name": "~1.1.4" } }, ""],

    "color-name": ["color-name@1.1.4", "", {}, ""],

    "commander": ["commander@4.1.1", "", {}, ""],

    "concat-map": ["concat-map@0.0.1", "", {}, ""],

    "confbox": ["confbox@0.1.8", "", {}, ""],

    "consola": ["consola@3.4.2", "", {}, ""],

    "crc-32": ["crc-32@1.2.2", "", { "bin": { "crc32": "bin/crc32.njs" } }, ""],

    "cross-spawn": ["cross-spawn@7.0.6", "", { "dependencies": { "path-key": "^3.1.0", "shebang-command": "^2.0.0", "which": "^2.0.1" } }, ""],

    "debug": ["debug@4.4.3", "", { "dependencies": { "ms": "^2.1.3" } }, ""],

    "decompress-response": ["decompress-response@6.0.0", "", { "dependencies": { "mimic-response": "^3.1.0" } }, ""],

    "deep-extend": ["deep-extend@0.6.0", "", {}, ""],

    "deep-is": ["deep-is@0.1.4", "", {}, ""],

    "define-data-property": ["define-data-property@1.1.4", "", { "dependencies": { "es-define-property": "^1.0.0", "es-errors": "^1.3.0", "gopd": "^1.0.1" } }, ""],

    "detect-libc": ["detect-libc@2.1.2", "", {}, ""],

    "diff3": ["diff3@0.0.3", "", {}, ""],

    "dunder-proto": ["dunder-proto@1.0.1", "", { "dependencies": { "call-bind-apply-helpers": "^1.0.1", "es-errors": "^1.3.0", "gopd": "^1.2.0" } }, ""],

    "end-of-stream": ["end-of-stream@1.4.5", "", { "dependencies": { "once": "^1.4.0" } }, ""],

    "es-define-property": ["es-define-property@1.0.1", "", {}, ""],

    "es-errors": ["es-errors@1.3.0", "", {}, ""],

    "es-object-atoms": ["es-object-atoms@1.1.1", "", { "dependencies": { "es-errors": "^1.3.0" } }, ""],

    "esbuild": ["esbuild@0.19.12", "", { "optionalDependencies": { "@esbuild/linux-x64": "0.19.12" }, "bin": "bin/esbuild" }, ""],

    "escape-string-regexp": ["escape-string-regexp@4.0.0", "", {}, ""],

    "eslint": ["eslint@9.39.1", "", { "dependencies": { "@eslint-community/eslint-utils": "^4.8.0", "@eslint-community/regexpp": "^4.12.1", "@eslint/config-array": "^0.21.1", "@eslint/config-helpers": "^0.4.2", "@eslint/core": "^0.17.0", "@eslint/eslintrc": "^3.3.1", "@eslint/js": "9.39.1", "@eslint/plugin-kit": "^0.4.1", "@humanfs/node": "^0.16.6", "@humanwhocodes/module-importer": "^1.0.1", "@humanwhocodes/retry": "^0.4.2", "@types/estree": "^1.0.6", "ajv": "^6.12.4", "chalk": "^4.0.0", "cross-spawn": "^7.0.6", "debug": "^4.3.2", "escape-string-regexp": "^4.0.0", "eslint-scope": "^8.4.0", "eslint-visitor-keys": "^4.2.1", "espree": "^10.4.0", "esquery": "^1.5.0", "esutils": "^2.0.2", "fast-deep-equal": "^3.1.3", "file-entry-cache": "^8.0.0", "find-up": "^5.0.0", "glob-parent": "^6.0.2", "ignore": "^5.2.0", "imurmurhash": "^0.1.4", "is-glob": "^4.0.0", "json-stable-stringify-without-jsonify": "^1.0.1", "lodash.merge": "^4.6.2", "minimatch": "^3.1.2", "natural-compare": "^1.4.0", "optionator": "^0.9.3" }, "peerDependencies": { "jiti": "*" }, "optionalPeers": ["jiti"], "bin": "bin/eslint.js" }, ""],

    "eslint-scope": ["eslint-scope@8.4.0", "", { "dependencies": { "esrecurse": "^4.3.0", "estraverse": "^5.2.0" } }, ""],

    "eslint-visitor-keys": ["eslint-visitor-keys@4.2.1", "", {}, ""],

    "espree": ["espree@10.4.0", "", { "dependencies": { "acorn": "^8.15.0", "acorn-jsx": "^5.3.2", "eslint-visitor-keys": "^4.2.1" } }, ""],

    "esquery": ["esquery@1.6.0", "", { "dependencies": { "estraverse": "^5.1.0" } }, ""],

    "esrecurse": ["esrecurse@4.3.0", "", { "dependencies": { "estraverse": "^5.2.0" } }, ""],

    "estraverse": ["estraverse@5.3.0", "", {}, ""],

    "esutils": ["esutils@2.0.3", "", {}, ""],

    "event-target-shim": ["event-target-shim@5.0.1", "", {}, ""],

    "events": ["events@3.3.0", "", {}, ""],

    "eventsource-parser": ["eventsource-parser@3.0.6", "", {}, ""],

    "expand-template": ["expand-template@2.0.3", "", {}, ""],

    "fast-deep-equal": ["fast-deep-equal@3.1.3", "", {}, ""],

    "fast-json-stable-stringify": ["fast-json-stable-stringify@2.1.0", "", {}, ""],

    "fast-levenshtein": ["fast-levenshtein@2.0.6", "", {}, ""],

    "fdir": ["fdir@6.5.0", "", { "peerDependencies": { "picomatch": "^3 || ^4" } }, ""],

    "file-entry-cache": ["file-entry-cache@8.0.0", "", { "dependencies": { "flat-cache": "^4.0.0" } }, ""],

    "file-uri-to-path": ["file-uri-to-path@1.0.0", "", {}, ""],

    "find-up": ["find-up@5.0.0", "", { "dependencies": { "locate-path": "^6.0.0", "path-exists": "^4.0.0" } }, ""],

    "fix-dts-default-cjs-exports": ["fix-dts-default-cjs-exports@1.0.1", "", { "dependencies": { "magic-string": "^0.30.17", "mlly": "^1.7.4", "rollup": "^4.34.8" } }, ""],

    "flat-cache": ["flat-cache@4.0.1", "", { "dependencies": { "flatted": "^3.2.9", "keyv": "^4.5.4" } }, ""],

    "flatted": ["flatted@3.3.3", "", {}, ""],

    "for-each": ["for-each@0.3.5", "", { "dependencies": { "is-callable": "^1.2.7" } }, ""],

    "fs-constants": ["fs-constants@1.0.0", "", {}, ""],

    "function-bind": ["function-bind@1.1.2", "", {}, ""],

    "get-intrinsic": ["get-intrinsic@1.3.0", "", { "dependencies": { "call-bind-apply-helpers": "^1.0.2", "es-define-property": "^1.0.1", "es-errors": "^1.3.0", "es-object-atoms": "^1.1.1", "function-bind": "^1.1.2", "get-proto": "^1.0.1", "gopd": "^1.2.0", "has-symbols": "^1.1.0", "hasown": "^2.0.2", "math-intrinsics": "^1.1.0" } }, ""],

    "get-proto": ["get-proto@1.0.1", "", { "dependencies": { "dunder-proto": "^1.0.1", "es-object-atoms": "^1.0.0" } }, ""],

    "get-tsconfig": ["get-tsconfig@4.13.0", "", { "dependencies": { "resolve-pkg-maps": "^1.0.0" } }, ""],

    "github-from-package": ["github-from-package@0.0.0", "", {}, ""],

    "glob-parent": ["glob-parent@6.0.2", "", { "dependencies": { "is-glob": "^4.0.3" } }, ""],

    "globals": ["globals@14.0.0", "", {}, ""],

    "gopd": ["gopd@1.2.0", "", {}, ""],

    "graphemer": ["graphemer@1.4.0", "", {}, ""],

    "has-flag": ["has-flag@4.0.0", "", {}, ""],

    "has-property-descriptors": ["has-property-descriptors@1.0.2", "", { "dependencies": { "es-define-property": "^1.0.0" } }, ""],

    "has-symbols": ["has-symbols@1.1.0", "", {}, ""],

    "has-tostringtag": ["has-tostringtag@1.0.2", "", { "dependencies": { "has-symbols": "^1.0.3" } }, ""],

    "hasown": ["hasown@2.0.2", "", { "dependencies": { "function-bind": "^1.1.2" } }, ""],

    "ieee754": ["ieee754@1.2.1", "", {}, ""],

    "ignore": ["ignore@7.0.5", "", {}, ""],

    "import-fresh": ["import-fresh@3.3.1", "", { "dependencies": { "parent-module": "^1.0.0", "resolve-from": "^4.0.0" } }, ""],

    "imurmurhash": ["imurmurhash@0.1.4", "", {}, ""],

    "inherits": ["inherits@2.0.4", "", {}, ""],

    "ini": ["ini@1.3.8", "", {}, ""],

    "is-callable": ["is-callable@1.2.7", "", {}, ""],

    "is-extglob": ["is-extglob@2.1.1", "", {}, ""],

    "is-glob": ["is-glob@4.0.3", "", { "dependencies": { "is-extglob": "^2.1.1" } }, ""],

    "is-typed-array": ["is-typed-array@1.1.15", "", { "dependencies": { "which-typed-array": "^1.1.16" } }, ""],

    "isarray": ["isarray@2.0.5", "", {}, ""],

    "isexe": ["isexe@2.0.0", "", {}, ""],

    "isolated-vm": ["isolated-vm@6.0.2", "", { "dependencies": { "prebuild-install": "^7.1.3" } }, ""],

    "isomorphic-git": ["isomorphic-git@1.35.1", "", { "dependencies": { "async-lock": "^1.4.1", "clean-git-ref": "^2.0.1", "crc-32": "^1.2.0", "diff3": "0.0.3", "ignore": "^5.1.4", "minimisted": "^2.0.0", "pako": "^1.0.10", "pify": "^4.0.1", "readable-stream": "^4.0.0", "sha.js": "^2.4.12", "simple-get": "^4.0.1" }, "bin": { "isogit": "cli.cjs" } }, ""],

    "joycon": ["joycon@3.1.1", "", {}, ""],

    "js-yaml": ["js-yaml@4.1.1", "", { "dependencies": { "argparse": "^2.0.1" }, "bin": "bin/js-yaml.js" }, ""],

    "json-buffer": ["json-buffer@3.0.1", "", {}, ""],

    "json-schema": ["json-schema@0.4.0", "", {}, ""],

    "json-schema-traverse": ["json-schema-traverse@0.4.1", "", {}, ""],

    "json-stable-stringify-without-jsonify": ["json-stable-stringify-without-jsonify@1.0.1", "", {}, ""],

    "keyv": ["keyv@4.5.4", "", { "dependencies": { "json-buffer": "3.0.1" } }, ""],

    "levn": ["levn@0.4.1", "", { "dependencies": { "prelude-ls": "^1.2.1", "type-check": "~0.4.0" } }, ""],

    "lilconfig": ["lilconfig@3.1.3", "", {}, ""],

    "lines-and-columns": ["lines-and-columns@1.2.4", "", {}, ""],

    "load-tsconfig": ["load-tsconfig@0.2.5", "", {}, ""],

    "locate-path": ["locate-path@6.0.0", "", { "dependencies": { "p-locate": "^5.0.0" } }, ""],

    "lodash.merge": ["lodash.merge@4.6.2", "", {}, ""],

    "magic-string": ["magic-string@0.30.21", "", { "dependencies": { "@jridgewell/sourcemap-codec": "^1.5.5" } }, ""],

    "math-intrinsics": ["math-intrinsics@1.1.0", "", {}, ""],

    "mimic-response": ["mimic-response@3.1.0", "", {}, ""],

    "minimatch": ["minimatch@3.1.2", "", { "dependencies": { "brace-expansion": "^1.1.7" } }, ""],

    "minimist": ["minimist@1.2.8", "", {}, ""],

    "minimisted": ["minimisted@2.0.1", "", { "dependencies": { "minimist": "^1.2.5" } }, ""],

    "mkdirp-classic": ["mkdirp-classic@0.5.3", "", {}, ""],

    "mlly": ["mlly@1.8.0", "", { "dependencies": { "acorn": "^8.15.0", "pathe": "^2.0.3", "pkg-types": "^1.3.1", "ufo": "^1.6.1" } }, ""],

    "ms": ["ms@2.1.3", "", {}, ""],

    "mz": ["mz@2.7.0", "", { "dependencies": { "any-promise": "^1.0.0", "object-assign": "^4.0.1", "thenify-all": "^1.0.0" } }, ""],

    "napi-build-utils": ["napi-build-utils@2.0.0", "", {}, ""],

    "natural-compare": ["natural-compare@1.4.0", "", {}, ""],

    "node-abi": ["node-abi@3.85.0", "", { "dependencies": { "semver": "^7.3.5" } }, ""],

    "object-assign": ["object-assign@4.1.1", "", {}, ""],

    "once": ["once@1.4.0", "", { "dependencies": { "wrappy": "1" } }, ""],

    "optionator": ["optionator@0.9.4", "", { "dependencies": { "deep-is": "^0.1.3", "fast-levenshtein": "^2.0.6", "levn": "^0.4.1", "prelude-ls": "^1.2.1", "type-check": "^0.4.0", "word-wrap": "^1.2.5" } }, ""],

    "p-limit": ["p-limit@3.1.0", "", { "dependencies": { "yocto-queue": "^0.1.0" } }, ""],

    "p-locate": ["p-locate@5.0.0", "", { "dependencies": { "p-limit": "^3.0.2" } }, ""],

    "pako": ["pako@1.0.11", "", {}, ""],

    "parent-module": ["parent-module@1.0.1", "", { "dependencies": { "callsites": "^3.0.0" } }, ""],

    "path-exists": ["path-exists@4.0.0", "", {}, ""],

    "path-key": ["path-key@3.1.1", "", {}, ""],

    "pathe": ["pathe@2.0.3", "", {}, ""],

    "picocolors": ["picocolors@1.1.1", "", {}, ""],

    "picomatch": ["picomatch@4.0.3", "", {}, ""],

    "pify": ["pify@4.0.1", "", {}, ""],

    "pirates": ["pirates@4.0.7", "", {}, ""],

    "pkg-types": ["pkg-types@1.3.1", "", { "dependencies": { "confbox": "^0.1.8", "mlly": "^1.7.4", "pathe": "^2.0.1" } }, ""],

    "possible-typed-array-names": ["possible-typed-array-names@1.1.0", "", {}, ""],

    "postcss-load-config": ["postcss-load-config@6.0.1", "", { "dependencies": { "lilconfig": "^3.1.1" }, "peerDependencies": { "jiti": ">=1.21.0", "postcss": ">=8.0.9", "tsx": "^4.8.1", "yaml": "^2.4.2" }, "optionalPeers": ["jiti", "postcss", "yaml"] }, ""],

    "prebuild-install": ["prebuild-install@7.1.3", "", { "dependencies": { "detect-libc": "^2.0.0", "expand-template": "^2.0.3", "github-from-package": "0.0.0", "minimist": "^1.2.3", "mkdirp-classic": "^0.5.3", "napi-build-utils": "^2.0.0", "node-abi": "^3.3.0", "pump": "^3.0.0", "rc": "^1.2.7", "simple-get": "^4.0.0", "tar-fs": "^2.0.0", "tunnel-agent": "^0.6.0" }, "bin": "bin.js" }, ""],

    "prelude-ls": ["prelude-ls@1.2.1", "", {}, ""],

    "process": ["process@0.11.10", "", {}, ""],

    "pump": ["pump@3.0.3", "", { "dependencies": { "end-of-stream": "^1.1.0", "once": "^1.3.1" } }, ""],

    "punycode": ["punycode@2.3.1", "", {}, ""],

    "rc": ["rc@1.2.8", "", { "dependencies": { "deep-extend": "^0.6.0", "ini": "~1.3.0", "minimist": "^1.2.0", "strip-json-comments": "~2.0.1" }, "bin": "cli.js" }, ""],

    "readable-stream": ["readable-stream@4.7.0", "", { "dependencies": { "abort-controller": "^3.0.0", "buffer": "^6.0.3", "events": "^3.3.0", "process": "^0.11.10", "string_decoder": "^1.3.0" } }, ""],

    "readdirp": ["readdirp@4.1.2", "", {}, ""],

    "resolve-from": ["resolve-from@5.0.0", "", {}, ""],

    "resolve-pkg-maps": ["resolve-pkg-maps@1.0.0", "", {}, ""],

    "rollup": ["rollup@4.53.3", "", { "dependencies": { "@types/estree": "1.0.8" }, "optionalDependencies": { "@rollup/rollup-linux-x64-gnu": "4.53.3", "@rollup/rollup-linux-x64-musl": "4.53.3" }, "bin": "dist/bin/rollup" }, ""],

    "safe-buffer": ["safe-buffer@5.2.1", "", {}, ""],

    "semver": ["semver@7.7.3", "", { "bin": "bin/semver.js" }, ""],

    "set-function-length": ["set-function-length@1.2.2", "", { "dependencies": { "define-data-property": "^1.1.4", "es-errors": "^1.3.0", "function-bind": "^1.1.2", "get-intrinsic": "^1.2.4", "gopd": "^1.0.1", "has-property-descriptors": "^1.0.2" } }, ""],

    "sha.js": ["sha.js@2.4.12", "", { "dependencies": { "inherits": "^2.0.4", "safe-buffer": "^5.2.1", "to-buffer": "^1.2.0" }, "bin": "bin.js" }, ""],

    "shebang-command": ["shebang-command@2.0.0", "", { "dependencies": { "shebang-regex": "^3.0.0" } }, ""],

    "shebang-regex": ["shebang-regex@3.0.0", "", {}, ""],

    "simple-concat": ["simple-concat@1.0.1", "", {}, ""],

    "simple-get": ["simple-get@4.0.1", "", { "dependencies": { "decompress-response": "^6.0.0", "once": "^1.3.1", "simple-concat": "^1.0.0" } }, ""],

    "source-map": ["source-map@0.7.6", "", {}, ""],

    "string_decoder": ["string_decoder@1.3.0", "", { "dependencies": { "safe-buffer": "~5.2.0" } }, ""],

    "strip-json-comments": ["strip-json-comments@3.1.1", "", {}, ""],

    "sucrase": ["sucrase@3.35.1", "", { "dependencies": { "@jridgewell/gen-mapping": "^0.3.2", "commander": "^4.0.0", "lines-and-columns": "^1.1.6", "mz": "^2.7.0", "pirates": "^4.0.1", "tinyglobby": "^0.2.11", "ts-interface-checker": "^0.1.9" }, "bin": { "sucrase": "bin/sucrase", "sucrase-node": "bin/sucrase-node" } }, ""],

    "supports-color": ["supports-color@7.2.0", "", { "dependencies": { "has-flag": "^4.0.0" } }, ""],

    "tar-fs": ["tar-fs@2.1.4", "", { "dependencies": { "chownr": "^1.1.1", "mkdirp-classic": "^0.5.2", "pump": "^3.0.0", "tar-stream": "^2.1.4" } }, ""],

    "tar-stream": ["tar-stream@2.2.0", "", { "dependencies": { "bl": "^4.0.3", "end-of-stream": "^1.4.1", "fs-constants": "^1.0.0", "inherits": "^2.0.3", "readable-stream": "^3.1.1" } }, ""],

    "thenify": ["thenify@3.3.1", "", { "dependencies": { "any-promise": "^1.0.0" } }, ""],

    "thenify-all": ["thenify-all@1.6.0", "", { "dependencies": { "thenify": ">= 3.1.0 < 4" } }, ""],

    "tinyexec": ["tinyexec@0.3.2", "", {}, ""],

    "tinyglobby": ["tinyglobby@0.2.15", "", { "dependencies": { "fdir": "^6.5.0", "picomatch": "^4.0.3" } }, ""],

    "to-buffer": ["to-buffer@1.2.2", "", { "dependencies": { "isarray": "^2.0.5", "safe-buffer": "^5.2.1", "typed-array-buffer": "^1.0.3" } }, ""],

    "tree-kill": ["tree-kill@1.2.2", "", { "bin": "cli.js" }, ""],

    "ts-api-utils": ["ts-api-utils@2.1.0", "", { "peerDependencies": { "typescript": ">=4.8.4" } }, ""],

    "ts-interface-checker": ["ts-interface-checker@0.1.13", "", {}, ""],

    "tsup": ["tsup@8.5.1", "", { "dependencies": { "bundle-require": "^5.1.0", "cac": "^6.7.14", "chokidar": "^4.0.3", "consola": "^3.4.0", "debug": "^4.4.0", "esbuild": "^0.27.0", "fix-dts-default-cjs-exports": "^1.0.0", "joycon": "^3.1.1", "picocolors": "^1.1.1", "postcss-load-config": "^6.0.1", "resolve-from": "^5.0.0", "rollup": "^4.34.8", "source-map": "^0.7.6", "sucrase": "^3.35.0", "tinyexec": "^0.3.2", "tinyglobby": "^0.2.11", "tree-kill": "^1.2.2" }, "peerDependencies": { "@microsoft/api-extractor": "^7.36.0", "@swc/core": "^1", "postcss": "^8.4.12", "typescript": ">=4.5.0" }, "optionalPeers": ["@microsoft/api-extractor", "@swc/core", "postcss"], "bin": { "tsup": "dist/cli-default.js", "tsup-node": "dist/cli-node.js" } }, ""],

    "tsx": ["tsx@4.20.6", "", { "dependencies": { "esbuild": "~0.25.0", "get-tsconfig": "^4.7.5" }, "bin": "dist/cli.mjs" }, ""],

    "tunnel-agent": ["tunnel-agent@0.6.0", "", { "dependencies": { "safe-buffer": "^5.0.1" } }, ""],

    "type-check": ["type-check@0.4.0", "", { "dependencies": { "prelude-ls": "^1.2.1" } }, ""],

    "typed-array-buffer": ["typed-array-buffer@1.0.3", "", { "dependencies": { "call-bound": "^1.0.3", "es-errors": "^1.3.0", "is-typed-array": "^1.1.14" } }, ""],

    "typescript": ["typescript@5.9.3", "", { "bin": { "tsc": "bin/tsc", "tsserver": "bin/tsserver" } }, ""],

    "ufo": ["ufo@1.6.1", "", {}, ""],

    "undici-types": ["undici-types@6.21.0", "", {}, ""],

    "uri-js": ["uri-js@4.4.1", "", { "dependencies": { "punycode": "^2.1.0" } }, ""],

    "util-deprecate": ["util-deprecate@1.0.2", "", {}, ""],

    "which": ["which@2.0.2", "", { "dependencies": { "isexe": "^2.0.0" }, "bin": { "node-which": "bin/node-which" } }, ""],

    "which-typed-array": ["which-typed-array@1.1.19", "", { "dependencies": { "available-typed-arrays": "^1.0.7", "call-bind": "^1.0.8", "call-bound": "^1.0.4", "for-each": "^0.3.5", "get-proto": "^1.0.1", "gopd": "^1.2.0", "has-tostringtag": "^1.0.2" } }, ""],

    "word-wrap": ["word-wrap@1.2.5", "", {}, ""],

    "wrappy": ["wrappy@1.0.2", "", {}, ""],

    "yocto-queue": ["yocto-queue@0.1.0", "", {}, ""],

    "zod": ["zod@3.25.76", "", {}, ""],

    "zod-to-json-schema": ["zod-to-json-schema@3.25.0", "", { "peerDependencies": { "zod": "^3.25 || ^4" } }, ""],

    "@eslint-community/eslint-utils/eslint-visitor-keys": ["eslint-visitor-keys@3.4.3", "", {}, ""],

    "@eslint/eslintrc/ignore": ["ignore@5.3.2", "", {}, ""],

    "@typescript-eslint/typescript-estree/minimatch": ["minimatch@9.0.5", "", { "dependencies": { "brace-expansion": "^2.0.1" } }, ""],

    "bl/buffer": ["buffer@5.7.1", "", { "dependencies": { "base64-js": "^1.3.1", "ieee754": "^1.1.13" } }, ""],

    "bl/readable-stream": ["readable-stream@3.6.2", "", { "dependencies": { "inherits": "^2.0.3", "string_decoder": "^1.1.1", "util-deprecate": "^1.0.1" } }, ""],

    "eslint/ignore": ["ignore@5.3.2", "", {}, ""],

    "import-fresh/resolve-from": ["resolve-from@4.0.0", "", {}, ""],

    "isomorphic-git/ignore": ["ignore@5.3.2", "", {}, ""],

    "rc/strip-json-comments": ["strip-json-comments@2.0.1", "", {}, ""],

    "tar-stream/readable-stream": ["readable-stream@3.6.2", "", { "dependencies": { "inherits": "^2.0.3", "string_decoder": "^1.1.1", "util-deprecate": "^1.0.1" } }, ""],

    "tsup/esbuild": ["esbuild@0.27.0", "", { "optionalDependencies": { "@esbuild/linux-x64": "0.27.0" }, "bin": "bin/esbuild" }, ""],

    "tsx/esbuild": ["esbuild@0.25.12", "", { "optionalDependencies": { "@esbuild/linux-x64": "0.25.12" }, "bin": "bin/esbuild" }, ""],

    "@typescript-eslint/typescript-estree/minimatch/brace-expansion": ["brace-expansion@2.0.2", "", { "dependencies": { "balanced-match": "^1.0.0" } }, ""],

    "tsup/esbuild/@esbuild/linux-x64": ["@esbuild/linux-x64@0.27.0", "", { "os": "linux", "cpu": "x64" }, ""],

    "tsx/esbuild/@esbuild/linux-x64": ["@esbuild/linux-x64@0.25.12", "", { "os": "linux", "cpu": "x64" }, ""],
  }
}
